
Microsoft Visual Studio Solution File, Format Version 12.00
# Visual Studio 2013
VisualStudioVersion = 12.0.30501.0
MinimumVisualStudioVersion = 10.0.40219.1
Project("{FAE04EC0-301F-11D3-BF4B-00C04F79EFBC}") = "XMLStimularEnhancement", "XMLStimularEnhancement\XMLStimularEnhancement.csproj", "{BAF3F392-9D42-4C5B-B95C-4272342B0F1F}"
EndProject
Project("{FAE04EC0-301F-11D3-BF4B-00C04F79EFBC}") = "XMLStimularEnhancement.Tests", "XMLStimularEnhancement.Tests\XMLStimularEnhancement.Tests.csproj", "{91F2BC6B-F1BC-4CEA-A976-EBA6F841B4E0}"
EndProject
Global
	GlobalSection(SolutionConfigurationPlatforms) = preSolution
		Debug|Any CPU = Debug|Any CPU
		Release|Any CPU = Release|Any CPU
	EndGlobalSection
	GlobalSection(ProjectConfigurationPlatforms) = postSolution
		{BAF3F392-9D42-4C5B-B95C-4272342B0F1F}.Debug|Any CPU.ActiveCfg = Debug|Any CPU
		{BAF3F392-9D42-4C5B-B95C-4272342B0F1F}.Debug|Any CPU.Build.0 = Debug|Any CPU
		{BAF3F392-9D42-4C5B-B95C-4272342B0F1F}.Release|Any CPU.ActiveCfg = Release|Any CPU
		{BAF3F392-9D42-4C5B-B95C-4272342B0F1F}.Release|Any CPU.Build.0 = Release|Any CPU
		{91F2BC6B-F1BC-4CEA-A976-EBA6F841B4E0}.Debug|Any CPU.ActiveCfg = Debug|Any CPU
		{91F2BC6B-F1BC-4CEA-A976-EBA6F841B4E0}.Debug|Any CPU.Build.0 = Debug|Any CPU
		{91F2BC6B-F1BC-4CEA-A976-EBA6F841B4E0}.Release|Any CPU.ActiveCfg = Release|Any CPU
		{91F2BC6B-F1BC-4CEA-A976-EBA6F841B4E0}.Release|Any CPU.Build.0 = Release|Any CPU
	EndGlobalSection
	GlobalSection(SolutionProperties) = preSolution
		HideSolutionNode = FALSE
	EndGlobalSection
EndGlobal
